#MicroXplorer Configuration settings - do not modify
Mcu.Family=STM32H7
LWIP0.BSP.mode=
RCC.DIVQ2Freq_Value=129000000
ProjectManager.MainLocation=Core/Src
PB13.GPIOParameters=GPIO_Speed,PinAttribute
LWIP0.BSP.STBoard=false
NVIC2.SavedPendsvIrqHandlerGenerated=true
RCC.SAI1Freq_Value=400000000
RCC.CortexFreq_Value=400000000
PG7.PinAttribute=Free
ProjectManager.KeepUserCode=true
Mcu.UserName=STM32H745ZITx
PD9.GPIOParameters=GPIO_Label,PinAttribute
RCC.HPRE=RCC_HCLK_DIV2
PH0-OSC_IN\ (PH0).PinAttribute=CortexM7
NVIC2.SysTick_IRQn=true\:15\:0\:false\:false\:false\:true\:false\:true
PH0-OSC_IN\ (PH0).Signal=RCC_OSC_IN
PH0-OSC_IN\ (PH0).Locked=true
PB14.GPIO_Label=LD3 [Red Led]
PC5.Locked=true
RCC.PLLFRACN=0
PA12.GPIOParameters=PinAttribute
FREERTOS_M4.IPParameters=Tasks01,configMINIMAL_STACK_SIZE
ProjectManager.functionlistsort=1-MX_GPIO_Init-GPIO-false-HAL-true-CortexM7,2-SystemClock_Config-RCC-false-HAL-false-CortexM7,1-MX_FREERTOS_Init-FREERTOS_M4-false-HAL-false-CortexM4,2-MX_LWIP_Init-LWIP-false-HAL-false-CortexM4,0-MX_CORTEX_M4_Init-CORTEX_M4-false-HAL-true-CortexM4
PA9.GPIOParameters=PinAttribute
PA2.GPIO_Speed=GPIO_SPEED_FREQ_VERY_HIGH
PD8.Locked=true
PA11.GPIOParameters=PinAttribute
RCC.CPU2Freq_Value=200000000
RCC.RTCFreq_Value=32000
PB0.GPIO_Label=LD1 [Green Led]
RCC.PLL2FRACN=0
RCC.CpuClockFreq_Value=400000000
RCC.VCO2OutputFreq_Value=258000000
PC5.Mode=RMII
PC13.GPIO_Label=B1 [Blue PushButton]
PC1.Locked=true
FREERTOS_M4.configMINIMAL_STACK_SIZE=256
PB13.Signal=ETH_TXD1
PG13.Signal=ETH_TXD0
PA2.GPIOParameters=GPIO_Speed,PinAttribute
PinOutPanel.RotationAngle=0
PG11.Signal=ETH_TX_EN
RCC.MCO1PinFreq_Value=64000000
RCC.SYSCLKSource=RCC_SYSCLKSOURCE_PLLCLK
ProjectManager.StackSize=0x400
RCC.AHB4Freq_Value=200000000
NVIC2.TimeBase=TIM6_DAC_IRQn
RCC.VCOInput3Freq_Value=2909090.909090909
LWIP.NETMASK_ADDRESS=255.255.255.000
RCC.LPTIM1Freq_Value=100000000
Mcu.IP4=LWIP
SH.GPXTI7.ConfNb=1
Mcu.IP5=NVIC1
NVIC1.PendSV_IRQn=true\:0\:0\:false\:false\:true\:false\:false
Mcu.IP2=ETH
Mcu.IP3=FREERTOS_M4
Mcu.IP0=CORTEX_M4
PA12.Locked=true
Mcu.IP1=CORTEX_M7
NVIC2.PendSV_IRQn=true\:15\:0\:false\:false\:false\:true\:false\:false
PA12.Signal=USB_OTG_FS_DP
Mcu.UserConstants=
PC1.GPIOParameters=GPIO_Speed,PinAttribute
RCC.DIVP3Freq_Value=245818181.8181818
RCC.SDMMCFreq_Value=400000000
LWIP.IPParameters=LWIP_RAM_HEAP_POINTER,LWIP_DHCP,IP_ADDRESS,NETMASK_ADDRESS
NVIC1.SysTick_IRQn=true\:0\:0\:false\:false\:true\:false\:true
Mcu.ThirdPartyNb=0
RCC.HCLKFreq_Value=200000000
RCC.I2C4Freq_Value=100000000
Mcu.IPNb=10
ProjectManager.PreviousToolchain=
RCC.SPDIFRXFreq_Value=400000000
PD8.GPIOParameters=GPIO_Label,PinAttribute
RCC.DIVQ3Freq_Value=122909090.9090909
PA8.GPIOParameters=PinAttribute
Mcu.Pin6=PA1
Mcu.Pin7=PA2
PD8.Signal=USART3_TX
Mcu.Pin8=PA7
Mcu.Pin9=PC4
PE1.Signal=GPIO_Output
PB13.Locked=true
Mcu.Pin0=PC13
Mcu.Pin1=PC14-OSC32_IN (OSC32_IN)
Mcu.Pin2=PC15-OSC32_OUT (OSC32_OUT)
LWIP.LWIP_RAM_HEAP_POINTER=0x10044000
NVIC2.UsageFault_IRQn=true\:0\:0\:false\:false\:true\:false\:false\:false
RCC.HRTIMFreq_Value=200000000
Mcu.Pin3=PH0-OSC_IN (PH0)
Mcu.Pin4=PH1-OSC_OUT (PH1)
PB0.PinAttribute=Free
PD10.GPIOParameters=GPIO_Label,PinAttribute
Mcu.Pin5=PC1
ProjectManager.ProjectBuild=false
RCC.DIVR3Freq_Value=245818181.8181818
PG13.Locked=true
NVIC2.NonMaskableInt_IRQn=true\:0\:0\:false\:false\:true\:false\:false\:false
LWIP0.BSP.condition=
PA8.Locked=true
RCC.DIVM3=22
RCC.DIVM1=16
SH.GPXTI7.0=GPIO_EXTI7
PG11.GPIO_Speed=GPIO_SPEED_FREQ_VERY_HIGH
ProjectManager.FirmwarePackage=STM32Cube FW_H7 V1.9.0
PC4.GPIO_Speed=GPIO_SPEED_FREQ_VERY_HIGH
MxDb.Version=DB.6.0.21
PB0.GPIOParameters=GPIO_Label,PinAttribute
NVIC2.PriorityGroup=NVIC_PRIORITYGROUP_4
RCC.DIVP1Freq_Value=400000000
PA1.GPIOParameters=GPIO_Speed,PinAttribute
ProjectManager.BackupPrevious=false
RCC.FMCFreq_Value=200000000
NVIC1.DebugMonitor_IRQn=true\:0\:0\:false\:false\:true\:false\:false
NVIC2.SavedSvcallIrqHandlerGenerated=true
PD8.PinAttribute=CortexM7
RCC.USART16Freq_Value=100000000
File.Version=6
VP_FREERTOS_M4_VS_CMSIS_V2.Signal=FREERTOS_M4_VS_CMSIS_V2
PA8.Signal=USB_OTG_FS_SOF
PG13.Mode=RMII
NVIC1.MemoryManagement_IRQn=true\:0\:0\:false\:false\:true\:false\:false
PE1.Locked=true
NVIC2.TimeBaseIP=TIM6
CortexM7.IPs=FATFS_M7\:I,FREERTOS_M7\:I,IWDG1\:I,RCC\:I,WWDG1\:I,DMA\:I,BDMA\:I,MDMA\:I,NVIC1\:I,SYS\:I,USART3\:I,USB_OTG_FS\:I,CORTEX_M7\:I,DEBUG\:I,PDM2PCM_M7\:I,PWR\:I,RESMGR_UTILITY\:I,USB_DEVICE_M7\:I,USB_HOST_M7\:I,OPENAMP_M7\:I,VREFBUF\:I
LWIP0.BSP.solution=LAN8742
RCC.DIVR2Freq_Value=129000000
PD10.PinAttribute=Free
ProjectManager.HalAssertFull=false
PB0.Locked=true
RCC.DIVP2Freq_Value=129000000
ProjectManager.ProjectName=STM32H745_Nucleo_M4_ETH
RCC.APB3Freq_Value=100000000
LWIP0.BSP.i2creg=
LWIP0.BSP.component=LAN8742
RCC.MCO2PinFreq_Value=400000000
PA7.PinAttribute=CortexM4
Mcu.Package=LQFP144
FREERTOS_M4.Tasks01=defaultTask,24,256,StartDefaultTask,Default,NULL,Dynamic,NULL,NULL
PA7.Locked=true
RCC.PLL3FRACN=0
RCC.D1PPRE=RCC_APB3_DIV2
PG11.Locked=true
PG13.GPIOParameters=GPIO_Speed,PinAttribute
ProjectManager.ToolChainLocation=
VP_SYS_VS_Systick.Signal=SYS_VS_Systick
RCC.DFSDMFreq_Value=100000000
RCC.DIVR1Freq_Value=400000000
NVIC2.SavedSystickIrqHandlerGenerated=true
PB14.GPIOParameters=GPIO_Label,PinAttribute
Mcu.Context0=CortexM7
Mcu.Context1=CortexM4
VP_SYS_M4_VS_tim6.Mode=TIM6
RCC.TraceFreq_Value=64000000
RCC.APB4Freq_Value=100000000
ETH.RxBuffAddress=0x10040200
RCC.CECFreq_Value=32000
RCC.SAI23Freq_Value=400000000
PC4.Locked=true
RCC.LPUART1Freq_Value=100000000
PG13.GPIO_Speed=GPIO_SPEED_FREQ_VERY_HIGH
PC5.Signal=ETH_RXD1
PB13.Mode=RMII
ProjectManager.CustomerFirmwarePackage=
PC4.GPIOParameters=GPIO_Speed,PinAttribute
RCC.SupplySource=PWR_DIRECT_SMPS_SUPPLY
RCC.Tim2OutputFreq_Value=200000000
PC4.Mode=RMII
VP_LWIP_VS_Enabled.Signal=LWIP_VS_Enabled
RCC.DFSDMACLkFreq_Value=400000000
LWIP.IP_ADDRESS=192.168.001.010
RCC.VCO3OutputFreq_Value=491636363.6363636
PH1-OSC_OUT\ (PH1).PinAttribute=CortexM7
PA2.Locked=true
PB14.PinAttribute=Free
NVIC1.HardFault_IRQn=true\:0\:0\:false\:false\:true\:false\:false
ProjectManager.ProjectFileName=STM32H745_Nucleo_M4_ETH.ioc
RCC.DIVQ3=4
PG7.Locked=true
PA7.Mode=RMII
PG7.Signal=GPXTI7
LWIP0.BSP.i2caddr=0
PD9.GPIO_Label=STLINK_TX
Mcu.PinsNb=29
PA1.PinAttribute=CortexM4
PC14-OSC32_IN\ (OSC32_IN).GPIOParameters=PinAttribute
ProjectManager.NoMain=false
PC13.Locked=true
PC13.Signal=GPIO_Input
RCC.SWPMI1Freq_Value=100000000
RCC.SAI4BFreq_Value=400000000
PC4.Signal=ETH_RXD0
NVIC1.PriorityGroup=NVIC_PRIORITYGROUP_4
RCC.D2PPRE2=RCC_APB2_DIV2
RCC.D2PPRE1=RCC_APB1_DIV2
ProjectManager.DefaultFWLocation=true
PD9.Signal=USART3_RX
LWIP.LWIP_DHCP=0
ProjectManager.DeletePrevious=true
PB14.Locked=true
RCC.QSPIFreq_Value=200000000
boardIOC=true
VP_SYS_M4_VS_tim6.Signal=SYS_M4_VS_tim6
PA9.PinAttribute=CortexM7
RCC.FamilyName=M
PH1-OSC_OUT\ (PH1).Signal=RCC_OSC_OUT
PG13.PinAttribute=CortexM4
VP_LWIP_VS_Enabled.Mode=Enabled
PB13.PinAttribute=CortexM4
PD8.GPIO_Label=STLINK_RX
ETH.IPParameters=MediaInterface,RxDescAddress,TxDescAddress,RxBuffAddress
PC14-OSC32_IN\ (OSC32_IN).Locked=true
RCC.SPI6Freq_Value=100000000
PD10.Signal=GPIO_Output
RCC.D1CPREFreq_Value=400000000
RCC.USART234578Freq_Value=100000000
PA11.Locked=true
RCC.SPI45Freq_Value=100000000
RCC.Tim1OutputFreq_Value=200000000
PA12.PinAttribute=CortexM7
NVIC1.SVCall_IRQn=true\:0\:0\:false\:false\:true\:false\:false
PH1-OSC_OUT\ (PH1).GPIOParameters=PinAttribute
NVIC1.NonMaskableInt_IRQn=true\:0\:0\:false\:false\:true\:false\:false
RCC.SPI123Freq_Value=400000000
PC15-OSC32_OUT\ (OSC32_OUT).Locked=true
PA2.PinAttribute=CortexM4
ProjectManager.TargetToolchain=STM32CubeIDE
PC15-OSC32_OUT\ (OSC32_OUT).Signal=RCC_OSC32_OUT
RCC.VCO1OutputFreq_Value=800000000
PC14-OSC32_IN\ (OSC32_IN).PinAttribute=CortexM7
NVIC2.ForceEnableDMAVector=true
NVIC2.SVCall_IRQn=true\:0\:0\:false\:false\:false\:false\:false\:false
PC5.GPIOParameters=GPIO_Speed,PinAttribute
PA9.Signal=USB_OTG_FS_VBUS
RCC.DIVN3=169
RCC.AXIClockFreq_Value=200000000
NVIC1.ForceEnableDMAVector=true
RCC.DIVN1=200
PC15-OSC32_OUT\ (OSC32_OUT).GPIOParameters=PinAttribute
PB13.GPIO_Speed=GPIO_SPEED_FREQ_VERY_HIGH
PC4.PinAttribute=CortexM4
LWIP0.BSP.instance=LAN8742
ProjectManager.RegisterCallBack=
NVIC2.TIM6_DAC_IRQn=true\:0\:0\:false\:false\:true\:false\:false\:true
RCC.USBFreq_Value=122909090.9090909
PD10.GPIO_Label=USB_OTG_FS_PWR_EN
VP_FREERTOS_M4_VS_CMSIS_V2.Mode=CMSIS_V2
LWIP0.BSP.api=BSP_COMPONENT_DRIVER
PA1.Signal=ETH_REF_CLK
RCC.CKPERFreq_Value=64000000
LWIP0.BSP.ip=
LWIP0.BSP.semaphore=
ProjectManager.BootMode=boot0
PB14.Signal=GPIO_Output
RCC.USBCLockSelection=RCC_USBCLKSOURCE_PLL3
PH1-OSC_OUT\ (PH1).Locked=true
board=NUCLEO-H745ZI-Q
PG11.PinAttribute=CortexM4
PE1.GPIO_Label=LD2 [Yellow Led]
ProjectManager.LastFirmware=true
PA7.GPIO_Speed=GPIO_SPEED_FREQ_VERY_HIGH
RCC.VCOInput1Freq_Value=4000000
NVIC2.BusFault_IRQn=true\:0\:0\:false\:false\:true\:false\:false\:false
RCC.AHB12Freq_Value=200000000
RCC.APB2Freq_Value=100000000
PA1.Mode=RMII
NVIC1.UsageFault_IRQn=true\:0\:0\:false\:false\:true\:false\:false
MxCube.Version=6.2.1
PA11.PinAttribute=CortexM7
PC13.GPIOParameters=GPIO_Label,PinAttribute
RCC.FDCANFreq_Value=400000000
PG7.GPIO_Label=USB_OTG_FS_OVCR
PA1.GPIO_Speed=GPIO_SPEED_FREQ_VERY_HIGH
RCC.RNGFreq_Value=48000000
RCC.ADCFreq_Value=129000000
VP_SYS_VS_Systick.Mode=SysTick
PC1.GPIO_Speed=GPIO_SPEED_FREQ_VERY_HIGH
PA9.Locked=true
PE1.PinAttribute=Free
ProjectManager.FreePins=false
RCC.IPParameters=ADCFreq_Value,AHB12Freq_Value,AHB4Freq_Value,APB1Freq_Value,APB2Freq_Value,APB3Freq_Value,APB4Freq_Value,AXIClockFreq_Value,CECFreq_Value,CKPERFreq_Value,CPU2Freq_Value,CPU2SystikFreq_Value,CortexFreq_Value,CpuClockFreq_Value,D1CPREFreq_Value,D1PPRE,D2PPRE1,D2PPRE2,D3PPRE,DFSDMACLkFreq_Value,DFSDMFreq_Value,DIVM1,DIVM3,DIVN1,DIVN3,DIVP1Freq_Value,DIVP2Freq_Value,DIVP3Freq_Value,DIVQ1Freq_Value,DIVQ2Freq_Value,DIVQ3,DIVQ3Freq_Value,DIVR1Freq_Value,DIVR2Freq_Value,DIVR3Freq_Value,FDCANFreq_Value,FMCFreq_Value,FamilyName,HCLK3ClockFreq_Value,HCLKFreq_Value,HPRE,HRTIMFreq_Value,I2C123Freq_Value,I2C4Freq_Value,LPTIM1Freq_Value,LPTIM2Freq_Value,LPTIM345Freq_Value,LPUART1Freq_Value,LTDCFreq_Value,MCO1PinFreq_Value,MCO2PinFreq_Value,PLL2FRACN,PLL3FRACN,PLLFRACN,QSPIFreq_Value,RNGFreq_Value,RTCFreq_Value,SAI1Freq_Value,SAI23Freq_Value,SAI4AFreq_Value,SAI4BFreq_Value,SDMMCFreq_Value,SPDIFRXFreq_Value,SPI123Freq_Value,SPI45Freq_Value,SPI6Freq_Value,SWPMI1Freq_Value,SYSCLKFreq_VALUE,SYSCLKSource,SupplySource,Tim1OutputFreq_Value,Tim2OutputFreq_Value,TraceFreq_Value,USART16Freq_Value,USART234578Freq_Value,USBCLockSelection,USBFreq_Value,VCO1OutputFreq_Value,VCO2OutputFreq_Value,VCO3OutputFreq_Value,VCOInput1Freq_Value,VCOInput2Freq_Value,VCOInput3Freq_Value
ProjectManager.AskForMigrate=true
Mcu.Name=STM32H745ZITx
RCC.LPTIM2Freq_Value=100000000
Mcu.Pin26=VP_LWIP_VS_Enabled
Mcu.Pin27=VP_SYS_VS_Systick
PA2.Signal=ETH_MDIO
Mcu.Pin24=PE1
ProjectManager.UnderRoot=true
Mcu.Pin25=VP_FREERTOS_M4_VS_CMSIS_V2
Mcu.IP8=SYS
PC13.PinAttribute=Free
Mcu.IP9=SYS_M4
Mcu.Pin28=VP_SYS_M4_VS_tim6
Mcu.IP6=NVIC2
Mcu.IP7=RCC
ProjectManager.CoupleFile=false
RCC.SYSCLKFreq_VALUE=400000000
Mcu.Pin22=PG11
ETH.MediaInterface=HAL_ETH_RMII_MODE
RCC.I2C123Freq_Value=100000000
PA8.PinAttribute=CortexM7
Mcu.Pin23=PG13
Mcu.Pin20=PA11
PA1.Locked=true
Mcu.Pin21=PA12
PD10.Locked=true
KeepUserPlacement=false
LWIP.BSP.number=1
PC14-OSC32_IN\ (OSC32_IN).Signal=RCC_OSC32_IN
ProjectManager.CompilerOptimize=6
PG11.Mode=RMII
PA11.Signal=USB_OTG_FS_DM
ProjectManager.HeapSize=0x200
Mcu.Pin15=PD9
Mcu.Pin16=PD10
LWIP.Version=v2.1.2_Cube
NVIC2.MemoryManagement_IRQn=true\:0\:0\:false\:false\:true\:false\:false\:false
Mcu.Pin13=PB14
Mcu.Pin14=PD8
PD9.PinAttribute=CortexM7
Mcu.Pin19=PA9
RCC.LPTIM345Freq_Value=100000000
ProjectManager.ComputerToolchain=false
Mcu.Pin17=PG7
Mcu.Pin18=PA8
RCC.LTDCFreq_Value=245818181.8181818
NVIC2.DebugMonitor_IRQn=true\:0\:0\:false\:false\:true\:false\:false\:false
RCC.SAI4AFreq_Value=400000000
Mcu.Pin11=PB0
PC5.GPIO_Speed=GPIO_SPEED_FREQ_VERY_HIGH
Mcu.Pin12=PB13
Mcu.Pin10=PC5
PC15-OSC32_OUT\ (OSC32_OUT).PinAttribute=CortexM7
RCC.DIVQ1Freq_Value=400000000
PA2.Mode=RMII
PC5.PinAttribute=CortexM4
RCC.D3PPRE=RCC_APB4_DIV2
ETH.RxDescAddress=0x10040000
LWIP0.BSP.name=Driver_PHY
RCC.HCLK3ClockFreq_Value=200000000
PC1.PinAttribute=CortexM4
RCC.VCOInput2Freq_Value=2000000
PD9.Locked=true
RCC.APB1Freq_Value=100000000
NVIC1.BusFault_IRQn=true\:0\:0\:false\:false\:true\:false\:false
PB0.Signal=GPIO_Output
Mcu.ContextNb=2
PA7.GPIOParameters=GPIO_Speed,PinAttribute
RCC.CPU2SystikFreq_Value=200000000
NVIC2.HardFault_IRQn=true\:0\:0\:false\:false\:true\:false\:false\:false
ProjectManager.DeviceId=STM32H745ZITx
PC1.Signal=ETH_MDC
PG7.GPIOParameters=GPIO_Label,PinAttribute
ProjectManager.LibraryCopy=1
PC1.Mode=RMII
PG11.GPIOParameters=GPIO_Speed,PinAttribute
PE1.GPIOParameters=GPIO_Label,PinAttribute
PH0-OSC_IN\ (PH0).GPIOParameters=PinAttribute
PA7.Signal=ETH_CRS_DV
CortexM4.IPs=FATFS_M4\:I,FREERTOS_M4\:I,IWDG2\:I,RCC,WWDG2\:I,DMA,BDMA,MDMA,NVIC2\:I,USART3,ETH\:I,DEBUG,PDM2PCM_M4\:I,PWR,RESMGR_UTILITY,SYS_M4\:I,USB_DEVICE_M4\:I,USB_HOST_M4\:I,CORTEX_M4\:I,OPENAMP_M4\:I,VREFBUF,LWIP\:I,TIM6\:I
ETH.TxDescAddress=0x10040060
NVIC2.ETH_IRQn=true\:5\:0\:false\:false\:true\:true\:true\:true
isbadioc=false
