#MicroXplorer Configuration settings - do not modify
LWIP0.BSP.mode=
PF7.GPIOParameters=GPIO_Label
PB13.GPIOParameters=GPIO_Speed,GPIO_Label
PD12.GPIO_Label=OCSPI1_IO1
PC7.GPIOParameters=GPIO_Speed,GPIO_Label
SH.S_TIM1_CH4.0=TIM1_CH4
PE11.GPIOParameters=GPIO_Speed,GPIO_Label
PH15.GPIO_Label=LCD_G4
NVIC.TIM6_DAC_IRQn=true\:0\:0\:false\:false\:true\:false\:false\:true
PG8.Signal=GPIO_Output
PG8.Locked=true
PG0.Locked=true
LWIP.CHECKSUM_CHECK_ICMP=0
PC7.Locked=true
PG0.Signal=OCTOSPIM_P2_IO4
CORTEX_M7.TypeExtField-Cortex_Memory_Protection_Unit_Region0_Settings=MPU_TEX_LEVEL1
RCC.PLLFRACN=0
PA13(JTMS/SWDIO).Signal=DEBUG_JTMS-SWDIO
PH8.GPIO_Speed=GPIO_SPEED_FREQ_LOW
PD8.Locked=true
RCC.RTCFreq_Value=32000
PD0.Locked=true
RCC.CpuClockFreq_Value=520000000
PD2.GPIOParameters=GPIO_Label
PG14.GPIOParameters=GPIO_Speed,GPIO_Label
SH.S_TIM4_CH4.ConfNb=1
PA2.GPIOParameters=GPIO_Speed,GPIO_Label
PG2.GPIOParameters=GPIO_Label
RCC.LPTIM1Freq_Value=130000000
NVIC.SVCall_IRQn=true\:0\:0\:false\:false\:false\:false\:false\:false
CORTEX_M7.Enable-Cortex_Memory_Protection_Unit_Region0_Settings=MPU_REGION_ENABLE
CORTEX_M7.IsBufferable-Cortex_Memory_Protection_Unit_Region1_Settings=MPU_ACCESS_BUFFERABLE
PG15.GPIO_Label=LCD_BL_CTRL
PF7.Signal=SAI1_MCLK_B
PH9.Signal=LTDC_R3
RCC.I2C4Freq_Value=130000000
PB6.Signal=FDCAN2_TX
PC7.Signal=LTDC_G6
PA13(JTMS/SWDIO).Locked=true
PD0.Signal=LTDC_B1
PD8.Signal=USART3_TX
PE1.Signal=LTDC_R6
FREERTOS.configMINIMAL_STACK_SIZE=256
PB3(JTDO/TRACESWO).GPIO_Label=JTDO
PE14.Locked=true
ProjectManager.ProjectBuild=false
NVIC.UsageFault_IRQn=true\:0\:0\:false\:false\:true\:false\:false\:false
PA0.Locked=true
PA8.Locked=true
PF1.GPIO_Label=OCSPI2_IO1
SH.GPXTI12.0=GPIO_EXTI12
PD1.GPIO_Label=Detectn
PB12.GPIO_Label=RMII_TXD0
ProjectManager.FirmwarePackage=STM32Cube FW_H7 V1.9.0
PF12.GPIO_Label=OCSPI2_DQS
ProjectManager.BackupPrevious=false
RCC.FMCFreq_Value=260000000
PC4.GPIO_Label=RMII_RXD0
PG12.GPIOParameters=GPIO_Label
PB1.GPIO_Speed=GPIO_SPEED_FREQ_LOW
PE9.Signal=GPIO_Output
PE9.Locked=true
PB3(JTDO/TRACESWO).Signal=DEBUG_JTDO-SWO
PB1.GPIO_Label=LCD_G0
RCC.USART16Freq_Value=130000000
PE4.GPIO_Label=SAI4_D2
PG4.GPIO_Label=ARD_D4
PF10.Locked=true
PF13.Locked=true
PA8.Signal=LTDC_B3
PF2.Locked=true
PE1.Locked=true
PB6.Locked=true
ProjectManager.HalAssertFull=false
RCC.DIVP2Freq_Value=80000000
PA0.Signal=S_TIM5_CH1
Mcu.Package=UFBGA176
PB9.Signal=LTDC_B7
PA15(JTDI).GPIO_Label=JTDI
PB14.GPIO_PuPd=GPIO_NOPULL
PB1.Signal=LTDC_G0
PA5.Locked=true
NVIC.TimeBase=TIM6_DAC_IRQn
RCC.PLL3FRACN=0
SH.GPXTI8.0=GPIO_EXTI8
PD12.Signal=OCTOSPIM_P1_IO1
PC3_C.GPIO_Label=ARD_A5
NVIC.TimeBaseIP=TIM6
PA10.Signal=USB_OTG_HS_ID
PE12.GPIO_Label=LCD_B4
PH6.Locked=true
PF7.Locked=true
PE12.GPIO_Speed=GPIO_SPEED_FREQ_LOW
PH9.Locked=true
RCC.LPUART1Freq_Value=130000000
PB13.Mode=RMII
PE6.Locked=true
PD5.Locked=true
PA4.GPIO_Label=LCD_VSYNC
PA8.GPIO_Speed=GPIO_SPEED_FREQ_LOW
PD15.Signal=S_TIM4_CH4
SH.ADCx_INP10.ConfNb=1
RCC.VCO3OutputFreq_Value=100781250
PG12.Signal=OCTOSPIM_P2_NCS
PA6.GPIOParameters=GPIO_Speed,GPIO_Label
PD6.GPIOParameters=GPIO_Speed,GPIO_Label
Mcu.Pin80=PC2
Mcu.Pin81=PC3
ProjectManager.ProjectFileName=STM32H735_Disco_ETH.ioc
FREERTOS.Tasks01=defaultTask,24,256,StartDefaultTask,Default,NULL,Dynamic,NULL,NULL
PH13.Locked=true
PH13.Signal=FDCAN1_TX
LWIP0.BSP.i2caddr=0
Mcu.Pin79=PB13
PA0_C.Locked=true
Mcu.PinsNb=132
PC11.Locked=true
Mcu.Pin73=PB15
Mcu.Pin74=PB14
Mcu.Pin71=PF10
Mcu.Pin72=PD9
PC13.Locked=true
PG5.Locked=true
Mcu.Pin77=PD10
PG5.Signal=GPIO_Output
Mcu.Pin78=PD8
Mcu.Pin75=PC0
PA1_C.GPIO_Label=ARD_A3
PC13.Signal=GPIO_Input
PG3.Locked=true
Mcu.Pin76=PC1
PD3.Signal=LTDC_G7
Mcu.Pin70=PD12
PC2.Signal=GPIO_Output
Mcu.Pin68=PD15
Mcu.Pin69=PD11
PB14.Locked=true
Mcu.Pin62=PD14
PG14.Locked=true
Mcu.Pin63=PD13
Mcu.Pin60=PF3
Mcu.Pin61=PG3
Mcu.Pin66=PF7
Mcu.Pin67=PF9
Mcu.Pin64=PH0-OSC_IN
Mcu.Pin65=PF8
PF8.GPIO_Label=SAI1_SCK_B
ETH.IPParameters=MediaInterface,RxDescAddress,TxDescAddress,RxBuffAddress
PC3.GPIOParameters=GPIO_Label
PD10.Signal=GPIO_Output
RCC.D1CPREFreq_Value=520000000
PB8.GPIO_Label=LCD_B6
RCC.Tim1OutputFreq_Value=260000000
PA8.GPIO_Label=LCD_B3
Mcu.Pin59=PF5
SH.GPXTI2.ConfNb=1
Mcu.Pin57=PF6
Mcu.Pin58=PF4
PH11.GPIOParameters=GPIO_Speed,GPIO_Label
PH4.Locked=true
Mcu.Pin51=PG5
Mcu.Pin52=PF2
Mcu.Pin50=PG6
Mcu.Pin55=PG4
PA0_C.GPIO_Label=ARD_A2
Mcu.Pin56=PG2
Mcu.Pin53=PG8
Mcu.Pin54=PG7
PE8.GPIO_Label=Audio_Int
PH11.GPIO_Label=LCD_R5
PB13.GPIO_Speed=GPIO_SPEED_FREQ_VERY_HIGH
SH.ADCx_INP1.ConfNb=2
PB9.Locked=true
PB11.GPIOParameters=GPIO_Speed,GPIO_Label
Mcu.Pin48=PF1
Mcu.Pin49=PF0
LWIP0.BSP.ip=
PH13.GPIOParameters=GPIO_Label
Mcu.Pin46=PC9
Mcu.Pin47=PC6
PF3.GPIOParameters=GPIO_Label
PG6.GPIOParameters=GPIO_Label
PB14.Signal=USART1_TX
Mcu.Pin40=PD6
PA5.Signal=COMP_DAC12_group
Mcu.Pin41=PH15
PE13.GPIOParameters=GPIO_Speed,GPIO_Label
Mcu.Pin44=PC7
Mcu.Pin45=PE6
Mcu.Pin42=PA9
Mcu.Pin43=PC8
PE1.GPIO_Label=LCD_R6
PB3(JTDO/TRACESWO).GPIOParameters=GPIO_Label
PC2_C.GPIO_Label=ARD_A4
RCC.AHB12Freq_Value=260000000
PE14.Signal=S_TIM1_CH4
Mcu.Pin37=PE5
Mcu.Pin38=PG15
Mcu.Pin35=PA10
PB15.GPIO_Label=ARD_D0
Mcu.Pin36=PA11
PH4.GPIO_Speed=GPIO_SPEED_FREQ_LOW
Mcu.Pin39=PG12
PG7.GPIO_Label=LCD_CLK
PF4.GPIO_Label=OCSPI2_CLK
Mcu.Pin30=PD4
PA1.GPIO_Label=RMII_REF_CLK
Mcu.Pin33=PC10
Mcu.Pin34=PH13
Mcu.Pin31=PD0
PC1.GPIO_Speed=GPIO_SPEED_FREQ_VERY_HIGH
Mcu.Pin32=PC11
NVIC.NonMaskableInt_IRQn=true\:0\:0\:false\:false\:true\:false\:false\:false
PF13.Signal=GPIO_Output
PC10.GPIOParameters=GPIO_Label
PC9.GPIOParameters=GPIO_Label
PF9.GPIOParameters=GPIO_Label
Mcu.Pin26=PE1
Mcu.Pin27=PB5
Mcu.Pin24=PC13
Mcu.Pin25=PE2
CORTEX_M7.IPParameters=CPU_ICache,CPU_DCache,MPU_Control,Enable-Cortex_Memory_Protection_Unit_Region0_Settings,BaseAddress-Cortex_Memory_Protection_Unit_Region0_Settings,Size-Cortex_Memory_Protection_Unit_Region0_Settings,TypeExtField-Cortex_Memory_Protection_Unit_Region0_Settings,DisableExec-Cortex_Memory_Protection_Unit_Region0_Settings,AccessPermission-Cortex_Memory_Protection_Unit_Region0_Settings,Enable-Cortex_Memory_Protection_Unit_Region1_Settings,BaseAddress-Cortex_Memory_Protection_Unit_Region1_Settings,Size-Cortex_Memory_Protection_Unit_Region1_Settings,AccessPermission-Cortex_Memory_Protection_Unit_Region1_Settings,DisableExec-Cortex_Memory_Protection_Unit_Region1_Settings,IsShareable-Cortex_Memory_Protection_Unit_Region1_Settings,IsBufferable-Cortex_Memory_Protection_Unit_Region1_Settings
PC7.GPIO_Label=LCD_G6
Mcu.Pin28=PG14
Mcu.Pin29=PG10
PD14.GPIOParameters=GPIO_Label
Mcu.Pin22=PA8
ETH.MediaInterface=HAL_ETH_RMII_MODE
Mcu.Pin23=PA12
Mcu.Pin20=PH14
PA3.Locked=true
Mcu.Pin21=PA13(JTMS/SWDIO)
PD10.Locked=true
PA10.Locked=true
PA5.GPIO_Label=DAC1_OUT2
NVIC.ForceEnableDMAVector=true
NVIC.MemoryManagement_IRQn=true\:0\:0\:false\:false\:true\:false\:false\:false
PC12.GPIO_Label=SDIO1_CK
PE5.GPIO_Label=SAI4_CK2
PD15.Locked=true
ProjectManager.HeapSize=0x200
Mcu.Pin15=PG13
PA0.GPIOParameters=GPIO_Label
NVIC.HardFault_IRQn=true\:0\:0\:false\:false\:true\:false\:false\:false
Mcu.Pin16=PD7
Mcu.Pin13=PB7
Mcu.Pin14=PB4(NJTRST)
PH6.Signal=GPIO_Output
Mcu.Pin19=PC12
PF10.GPIOParameters=GPIO_Label
Mcu.Pin17=PD5
Mcu.Pin18=PD2
NVIC.PriorityGroup=NVIC_PRIORITYGROUP_4
Mcu.Pin11=PB9
Mcu.Pin12=PE0
PD0.GPIOParameters=GPIO_Speed,GPIO_Label
PF0.GPIO_Label=OCSPI2_IO0
PC5.GPIO_Speed=GPIO_SPEED_FREQ_VERY_HIGH
PG0.GPIOParameters=GPIO_Label
PE15.GPIO_Speed=GPIO_SPEED_FREQ_LOW
Mcu.Pin10=PE3
PE3.Signal=GPIO_Output
PA14(JTCK/SWCLK).Signal=DEBUG_JTCK-SWCLK
PF4.Signal=OCTOSPIM_P2_CLK
PD2.Signal=SDMMC1_CMD
SH.S_TIM1_CH4.ConfNb=1
PC1.Mode=RMII
PG15.Locked=true
ETH.TxDescAddress=0x30000060
Mcu.Family=STM32H7
ProjectManager.MainLocation=Core/Src
PA15(JTDI).Locked=true
LWIP0.BSP.STBoard=false
PG9.GPIOParameters=GPIO_Label
ProjectManager.KeepUserCode=true
PH14.Signal=FDCAN1_RX
PH10.Signal=LTDC_R4
PA15(JTDI).Signal=DEBUG_JTDI
PG2.Signal=GPXTI2
PA1_C.GPIOParameters=GPIO_Label
SH.COMP_DAC12_group.0=DAC1_OUT2
PE11.GPIO_Label=LCD_G3
PG2.Locked=true
PC5.Locked=true
PF0.GPIOParameters=GPIO_Label
PA12.GPIOParameters=GPIO_Label
PA0.GPIO_Label=ARD_D3
PA9.GPIOParameters=GPIO_Label
PA11.GPIOParameters=GPIO_Label
PD0.GPIO_Label=LCD_B1
PH10.Locked=true
PA14(JTCK/SWCLK).Locked=true
PD6.Locked=true
RCC.PLL2FRACN=0
PD2.Locked=true
RCC.VCO2OutputFreq_Value=400000000
PG5.GPIO_Label=ARD_D7
PC1.Locked=true
PD8.GPIO_PuPd=GPIO_NOPULL
PB13.GPIO_Label=RMII_TXD1
PB15.Signal=USART1_RX
PF12.GPIOParameters=GPIO_Label
PG15.Signal=GPIO_Output
PG11.Signal=OCTOSPIM_P2_IO7
PH5.GPIOParameters=GPIO_Label
PB5.GPIOParameters=GPIO_Label
SH.GPXTI2.0=GPIO_EXTI2
PD13.Signal=OCTOSPIM_P1_IO3
Mcu.IP4=NVIC
Mcu.IP5=RCC
PD13.Locked=true
Mcu.IP2=FREERTOS
Mcu.IP3=LWIP
Mcu.IP0=CORTEX_M7
Mcu.IP1=ETH
PE4.GPIOParameters=GPIO_Label
PF9.Locked=true
PA15(JTDI).GPIOParameters=GPIO_Label
PH3.Locked=true
PF1.GPIOParameters=GPIO_Label
RCC.DIVP3Freq_Value=50390625
RCC.SDMMCFreq_Value=130000000
PA14(JTCK/SWCLK).GPIOParameters=GPIO_Label
Mcu.Pin130=VP_LWIP_VS_Enabled
Mcu.Pin131=VP_SYS_VS_tim6
ProjectManager.PreviousToolchain=
PF1.Locked=true
SH.COMP_DAC12_group.ConfNb=1
PG8.GPIOParameters=GPIO_Label
PA1_C.Locked=true
PA8.GPIOParameters=GPIO_Speed,GPIO_Label
FREERTOS.IPParameters=Tasks01,configMINIMAL_STACK_SIZE
LWIP.LWIP_RAM_HEAP_POINTER=0x30004000
RCC.DIVR3Freq_Value=50390625
NVIC.DebugMonitor_IRQn=true\:0\:0\:false\:false\:true\:false\:false\:false
NVIC.SysTick_IRQn=true\:15\:0\:false\:false\:false\:true\:false\:true
PA4.GPIO_Speed=GPIO_SPEED_FREQ_LOW
PC4.GPIO_Speed=GPIO_SPEED_FREQ_VERY_HIGH
RCC.DIVP1Freq_Value=520000000
PA14(JTCK/SWCLK).GPIO_Label=JTCK
PH7.GPIO_Label=SPI5_MISO
PE8.Locked=true
PF11.Signal=SPI5_MOSI
PC11.GPIO_Label=SDIO1_D3
PE3.GPIOParameters=GPIO_Label
PB7.Signal=S_TIM4_CH2
PE3.Locked=true
PH6.GPIOParameters=GPIO_Speed,GPIO_Label
PD10.GPIO_Speed=GPIO_SPEED_FREQ_LOW
PF11.GPIOParameters=GPIO_Label
LWIP0.BSP.solution=LAN8742
CORTEX_M7.DisableExec-Cortex_Memory_Protection_Unit_Region0_Settings=MPU_INSTRUCTION_ACCESS_DISABLE
PB6.GPIOParameters=GPIO_Label
PB0.Locked=true
LWIP0.BSP.i2creg=
PB7.GPIO_Label=ARD_D9
PD13.GPIO_Label=OCSPI1_IO3
PA6.Signal=LTDC_G2
PB12.Mode=RMII
PG11.Locked=true
PB15.GPIO_PuPd=GPIO_NOPULL
PD5.GPIO_Label=OCSPI1_IO5
ProjectManager.ToolChainLocation=
PF8.Signal=SAI1_SCK_B
PG0.GPIO_Label=OCSPI2_IO4
RCC.DIVR1Freq_Value=260000000
Mcu.Pin95=PE8
CORTEX_M7.Size-Cortex_Memory_Protection_Unit_Region1_Settings=MPU_REGION_SIZE_256B
Mcu.Pin96=PG1
PF4.Locked=true
Mcu.Pin93=PA7
Mcu.Pin94=PF11
Mcu.Pin99=PB10
PB5.GPIO_Label=FDCAN2_RX
Mcu.Pin97=PF15
Mcu.Pin98=PF13
SH.S_TIM5_CH1.0=TIM5_CH1
Mcu.Pin91=PH2
Mcu.Pin92=PA3
PG11.GPIO_Label=OCSPI2_IO7
PD3.GPIO_Label=LCD_G7
PC5.Signal=ETH_RXD1
Mcu.Pin90=PC3_C
PB4(NJTRST).Locked=true
PE7.Signal=GPIO_Output
PD6.Signal=LTDC_B2
PF3.GPIO_Label=OCSPI2_IO3
CORTEX_M7.IsShareable-Cortex_Memory_Protection_Unit_Region1_Settings=MPU_ACCESS_SHAREABLE
PF15.GPIOParameters=GPIO_Label
PE2.GPIO_Label=OCSPI1_IO2
PE12.Locked=true
Mcu.Pin84=PH7
Mcu.Pin85=PE14
PB15.Locked=true
Mcu.Pin82=PC5
PG2.GPIO_Label=CTP_INT
Mcu.Pin83=PB1
Mcu.Pin88=PB12
PA3.Signal=LTDC_B5
Mcu.Pin89=PC2_C
Mcu.Pin86=PH11
Mcu.Pin87=PH9
PH15.GPIO_Speed=GPIO_SPEED_FREQ_LOW
PH8.GPIOParameters=GPIO_Speed,GPIO_Label
PH15.Locked=true
PB8.GPIOParameters=GPIO_Speed,GPIO_Label
PG7.Locked=true
PD15.GPIO_Label=ARD_D6
PG7.Signal=LTDC_CLK
PB4(NJTRST).GPIO_Label=NJTRST
PE14.GPIOParameters=GPIO_Label
PA0_C.Signal=ADCx_INP0
PH12.GPIO_Label=STMOD\#11-INT
PC9.GPIO_Label=SDIO1_D1
NVIC.SavedSvcallIrqHandlerGenerated=true
PC11.Signal=SDMMC1_D3
PC8.Signal=SDMMC1_D0
ProjectManager.DefaultFWLocation=true
PE14.GPIO_Label=ARD_D5
PD9.Signal=USART3_RX
PB12.Locked=true
ProjectManager.DeletePrevious=true
PB10.Locked=true
boardIOC=true
PA12.GPIO_Label=USB_FS_DP
PinOutPanel.CurrentBGAView=Top
RCC.FamilyName=M
SH.ADCx_INP1.1=ADC1_INP1
SH.ADCx_INP1.0=ADC2_INP1
PE15.GPIOParameters=GPIO_Speed,GPIO_Label
PD8.GPIO_Label=T_VCP_TX
PB9.GPIOParameters=GPIO_Speed,GPIO_Label
PB0.GPIO_Speed=GPIO_SPEED_FREQ_LOW
PG8.GPIO_Label=MEMS_LED
CORTEX_M7.MPU_Control=MPU_PRIVILEGED_DEFAULT
PH7.GPIOParameters=GPIO_Label
PF6.Signal=SAI1_SD_B
PH8.Locked=true
PB10.GPIO_Label=RMII_RX_ER
RCC.VCO1OutputFreq_Value=520000000
PC3_C.Locked=true
PF6.Locked=true
PH8.Signal=LTDC_R2
PB7.GPIOParameters=GPIO_Label
SH.S_TIM4_CH3.0=TIM4_CH3
PC5.GPIOParameters=GPIO_Speed,GPIO_Label
RCC.AXIClockFreq_Value=260000000
SH.GPXTI12.ConfNb=1
LWIP0.BSP.instance=LAN8742
PG10.GPIOParameters=GPIO_Label
PE2.GPIOParameters=GPIO_Label
PE0.Locked=true
RCC.USBFreq_Value=48000000
PF9.GPIO_Label=SAI1_FS_B
PD10.GPIO_Label=LCD_DISP
PA1.Signal=ETH_REF_CLK
RCC.CKPERFreq_Value=64000000
LWIP0.BSP.semaphore=
SH.S_TIM4_CH3.ConfNb=1
PH9.GPIOParameters=GPIO_Speed,GPIO_Label
board=STM32H735G-DK
PC7.GPIO_Speed=GPIO_SPEED_FREQ_LOW
PF14.GPIOParameters=GPIO_Label
PH4.GPIO_Label=LCD_G5
MxCube.Version=6.2.1
RCC.FDCANFreq_Value=130000000
PA1.GPIO_Speed=GPIO_SPEED_FREQ_VERY_HIGH
RCC.ADCFreq_Value=80000000
PD4.GPIOParameters=GPIO_Label
PA10.GPIOParameters=GPIO_Label
PC1.GPIO_Label=RMII_MDC
PF15.GPIO_Label=I2C4_SDA
PF14.Locked=true
PE5.Locked=true
PF1.Signal=OCTOSPIM_P2_IO1
PA0_C.GPIOParameters=GPIO_Label
RCC.IPParameters=ADCFreq_Value,AHB12Freq_Value,AHB4Freq_Value,APB1Freq_Value,APB2Freq_Value,APB3Freq_Value,APB4Freq_Value,AXIClockFreq_Value,CECFreq_Value,CKPERFreq_Value,CortexFreq_Value,CpuClockFreq_Value,D1CPREFreq_Value,D1PPRE,D2PPRE1,D2PPRE2,D3PPRE,DFSDMACLkFreq_Value,DFSDMFreq_Value,DIVM1,DIVM2,DIVN1,DIVN2,DIVP1,DIVP1Freq_Value,DIVP2,DIVP2Freq_Value,DIVP3Freq_Value,DIVQ1,DIVQ1Freq_Value,DIVQ2Freq_Value,DIVQ3Freq_Value,DIVR1Freq_Value,DIVR2Freq_Value,DIVR3Freq_Value,FDCANFreq_Value,FMCFreq_Value,FamilyName,HCLK3ClockFreq_Value,HCLKFreq_Value,HPRE,I2C123Freq_Value,I2C4Freq_Value,LPTIM1Freq_Value,LPTIM2Freq_Value,LPTIM345Freq_Value,LPUART1Freq_Value,LTDCFreq_Value,MCO1PinFreq_Value,MCO2PinFreq_Value,PLL2FRACN,PLL3FRACN,PLLFRACN,PLLSourceVirtual,QSPIFreq_Value,RNGFreq_Value,RTCFreq_Value,SAI1Freq_Value,SAI4AFreq_Value,SAI4BFreq_Value,SDMMCFreq_Value,SPDIFRXFreq_Value,SPI123Freq_Value,SPI45Freq_Value,SPI6Freq_Value,SWPMI1Freq_Value,SYSCLKFreq_VALUE,SYSCLKSource,Tim1OutputFreq_Value,Tim2OutputFreq_Value,TraceFreq_Value,USART16Freq_Value,USART234578Freq_Value,USBCLockSelection,USBFreq_Value,VCO1OutputFreq_Value,VCO2OutputFreq_Value,VCO3OutputFreq_Value,VCOInput1Freq_Value,VCOInput2Freq_Value,VCOInput3Freq_Value
ProjectManager.AskForMigrate=true
PE0.Signal=LTDC_R0
PE7.GPIO_Label=STMOD\#17
PE12.Signal=LTDC_B4
NVIC.SavedPendsvIrqHandlerGenerated=true
PB2.Locked=true
Mcu.IP6=SYS
ProjectManager.CoupleFile=false
RCC.SYSCLKFreq_VALUE=520000000
RCC.I2C123Freq_Value=130000000
PA1.Locked=true
KeepUserPlacement=false
PB2.GPIO_Label=OCSPI1_DQS
PC6.GPIOParameters=GPIO_Speed,GPIO_Label
PF13.GPIOParameters=GPIO_Label
PH3.Signal=LTDC_R1
PC3_C.Signal=ADC3_INP1
PB7.Locked=true
PA2.Mode=RMII
PC8.Locked=true
ETH.RxDescAddress=0x30000000
CORTEX_M7.CPU_DCache=Enabled
LWIP0.BSP.name=Driver_PHY
PD9.Locked=true
PB8.GPIO_Speed=GPIO_SPEED_FREQ_LOW
PG14.GPIO_Speed=GPIO_SPEED_FREQ_LOW
PD6.GPIO_Speed=GPIO_SPEED_FREQ_LOW
PB12.Signal=ETH_TXD0
PE1.GPIOParameters=GPIO_Speed,GPIO_Label
PG11.GPIOParameters=GPIO_Label
PA3.GPIO_Label=LCD_B5
PA6.Locked=true
PH0-OSC_IN.Signal=RCC_OSC_IN
VP_SYS_VS_tim6.Mode=TIM6
PH12.Signal=GPXTI12
PH12.Locked=true
PC12.Locked=true
SH.ADCx_INP10.0=ADC1_INP10
PG4.Signal=GPIO_Output
PG4.Locked=true
PC12.Signal=SDMMC1_CK
PB14.GPIO_Label=ARD_D1
PG6.GPIO_Label=OCSPI1_NCS
PH6.GPIO_Label=LCD_RST
PG3.GPIOParameters=GPIO_Label
PD3.GPIOParameters=GPIO_Speed,GPIO_Label
PC6.GPIO_Label=LCD_HSYNC
PC3.Locked=true
PA3.GPIOParameters=GPIO_Speed,GPIO_Label
PB6.GPIO_Label=FDCAN2_TX
PA6.GPIO_Label=LCD_G2
PD4.Locked=true
PC5.Mode=RMII
PA3.GPIO_Speed=GPIO_SPEED_FREQ_LOW
PB13.Signal=ETH_TXD1
PD3.GPIO_Speed=GPIO_SPEED_FREQ_LOW
LWIP.CHECKSUM_GEN_ICMP=0
PG13.Signal=GPXTI13
PD6.GPIO_Label=LCD_B2
PinOutPanel.RotationAngle=0
PE6.GPIO_Label=SAI1_SD_A
PF6.GPIO_Label=SAI1_SD_B
RCC.MCO1PinFreq_Value=64000000
RCC.SYSCLKSource=RCC_SYSCLKSOURCE_PLLCLK
RCC.AHB4Freq_Value=260000000
SH.GPXTI13.0=GPIO_EXTI13
PB11.GPIO_Speed=GPIO_SPEED_FREQ_VERY_HIGH
LWIP.NETMASK_ADDRESS=255.255.255.000
PH5.Signal=GPIO_Output
PD15.GPIOParameters=GPIO_Label
LWIP.IPParameters=LWIP_DHCP,IP_ADDRESS,NETMASK_ADDRESS,GATEWAY_ADDRESS,LWIP_RAM_HEAP_POINTER,CHECKSUM_GEN_ICMP,CHECKSUM_CHECK_ICMP
PD4.Signal=OCTOSPIM_P1_IO4
RCC.DIVQ3Freq_Value=50390625
PC3.Signal=GPIO_Output
PE5.Signal=SAI4_CK2
PE10.Locked=true
PF10.GPIO_Label=OCSPI1_CLK
PB13.Locked=true
PH10.GPIO_Label=LCD_R4
PG13.Locked=true
PB2.Signal=OCTOSPIM_P1_DQS
PA4.Locked=true
RCC.DIVM2=5
PD1.GPIOParameters=GPIO_PuPd,GPIO_Label
RCC.DIVM1=5
PG1.GPIOParameters=GPIO_Label
MxDb.Version=DB.6.0.21
PE15.Locked=true
PB0.GPIOParameters=GPIO_Speed,GPIO_Label
PE0.GPIOParameters=GPIO_Speed,GPIO_Label
PA1.GPIOParameters=GPIO_Speed,GPIO_Label
SH.S_TIM4_CH2.0=TIM4_CH2
PE2.Signal=OCTOSPIM_P1_IO2
NVIC.PendSV_IRQn=true\:15\:0\:false\:false\:false\:true\:false\:false
PF3.Signal=OCTOSPIM_P2_IO3
RCC.DIVR2Freq_Value=200000000
PE10.Signal=GPIO_Output
CORTEX_M7.DisableExec-Cortex_Memory_Protection_Unit_Region1_Settings=MPU_INSTRUCTION_ACCESS_DISABLE
RCC.MCO2PinFreq_Value=520000000
PC8.GPIOParameters=GPIO_Label
PH10.GPIOParameters=GPIO_Speed,GPIO_Label
PH10.GPIO_Speed=GPIO_SPEED_FREQ_LOW
PF8.GPIOParameters=GPIO_Label
PH3.GPIO_Speed=GPIO_SPEED_FREQ_LOW
PD11.Locked=true
PG13.GPIOParameters=GPIO_Label
PG5.GPIOParameters=GPIO_Label
PE10.GPIOParameters=GPIO_Label
PD5.GPIOParameters=GPIO_Label
SH.GPXTI8.ConfNb=1
RCC.DFSDMFreq_Value=130000000
PA5.GPIOParameters=GPIO_Label
PB14.GPIOParameters=GPIO_PuPd,GPIO_Label
PH2.Signal=ADC3_INP13
RCC.TraceFreq_Value=64000000
RCC.APB4Freq_Value=130000000
RCC.CECFreq_Value=32000
PF14.Signal=I2C4_SCL
CORTEX_M7.Enable-Cortex_Memory_Protection_Unit_Region1_Settings=MPU_REGION_ENABLE
NVIC.BusFault_IRQn=true\:0\:0\:false\:false\:true\:false\:false\:false
PA13(JTMS/SWDIO).GPIO_Label=JTMS
PB10.GPIOParameters=GPIO_Label
PA6.GPIO_Speed=GPIO_SPEED_FREQ_LOW
PE10.GPIO_Label=STMOD\#19
PD9.GPIO_PuPd=GPIO_NOPULL
PC6.GPIO_Speed=GPIO_SPEED_FREQ_LOW
ProjectManager.CustomerFirmwarePackage=
PC4.GPIOParameters=GPIO_Speed,GPIO_Label
PF4.GPIOParameters=GPIO_Label
PC4.Mode=RMII
LWIP.IP_ADDRESS=192.168.001.010
PH12.GPIOParameters=GPIO_Label
PH15.Signal=LTDC_G4
RCC.DIVQ1=4
PD9.GPIO_Label=T_VCP_RX
PE11.GPIO_Speed=GPIO_SPEED_FREQ_LOW
PG9.Locked=true
PG9.Signal=OCTOSPIM_P1_IO6
PA9.GPIO_Label=USB_FS_VBUS
RCC.SWPMI1Freq_Value=130000000
PC6.Signal=LTDC_HSYNC
PB11.GPIO_Label=RMII_TX_EN
PD7.Signal=OCTOSPIM_P1_IO7
PD13.GPIOParameters=GPIO_Label
PD1.Signal=GPIO_Output
PA11.GPIO_Label=USB_FS_DM
RCC.DIVP2=5
PF14.GPIO_Label=I2C4_SCL
RCC.DIVP1=1
LWIP.LWIP_DHCP=0
PD1.GPIO_PuPd=GPIO_NOPULL
PC0.Signal=ADCx_INP10
PC11.GPIOParameters=GPIO_Label
RCC.QSPIFreq_Value=260000000
PF13.GPIO_Label=STMOD\#20
PG13.GPIO_Label=USB_FS_OVCR
PB4(NJTRST).Signal=DEBUG_JTRST
PG10.Signal=OCTOSPIM_P2_IO6
PD0.GPIO_Speed=GPIO_SPEED_FREQ_LOW
PG10.Locked=true
PE0.GPIO_Speed=GPIO_SPEED_FREQ_LOW
RCC.USART234578Freq_Value=130000000
PA11.Locked=true
RCC.SPI123Freq_Value=130000000
PB11.Mode=RMII
PC3_C.GPIOParameters=GPIO_Label
PC6.Locked=true
PA9.Signal=USB_OTG_HS_VBUS
RCC.DIVN2=80
RCC.DIVN1=104
PB5.Locked=true
CORTEX_M7.BaseAddress-Cortex_Memory_Protection_Unit_Region0_Settings=0x30000000
PD7.Locked=true
PE9.GPIO_Label=STMOD\#18
PB10.Signal=ETH_RX_ER
RCC.USBCLockSelection=RCC_USBCLKSOURCE_HSI48
PH9.GPIO_Label=LCD_R3
ProjectManager.LastFirmware=true
PA7.GPIO_Speed=GPIO_SPEED_FREQ_VERY_HIGH
Mcu.Pin116=PE15
Mcu.Pin117=PH6
PF2.GPIOParameters=GPIO_Label
Mcu.Pin118=PA2
Mcu.Pin119=PA0_C
VP_SYS_VS_tim6.Signal=SYS_VS_tim6
PA1.Mode=RMII
PE15.Signal=LTDC_R7
PE8.Signal=GPXTI8
RCC.RNGFreq_Value=48000000
PC2.GPIOParameters=GPIO_Label
Mcu.Pin112=PB11
Mcu.Pin113=PF12
Mcu.Pin114=PE12
PF11.Locked=true
PF12.Locked=true
Mcu.Pin115=PE13
CORTEX_M7.AccessPermission-Cortex_Memory_Protection_Unit_Region0_Settings=MPU_REGION_FULL_ACCESS
Mcu.Pin110=PG0
Mcu.Pin111=PE7
PA9.Locked=true
Mcu.Pin127=PE9
Mcu.Pin128=PE11
SH.ADCx_INP0.ConfNb=2
Mcu.Pin129=VP_FREERTOS_VS_CMSIS_V2
PE7.Locked=true
PG14.GPIO_Label=LCD_B0
ProjectManager.FreePins=false
RCC.LPTIM2Freq_Value=130000000
ProjectManager.UnderRoot=true
PE13.Locked=true
PH14.GPIO_Label=FDCAN1_RX
Mcu.Pin123=PA6
Mcu.Pin124=PB0
PA4.Signal=LTDC_VSYNC
Mcu.Pin125=PE10
Mcu.Pin126=PF14
PB5.Signal=FDCAN2_RX
PG15.GPIOParameters=GPIO_Speed,GPIO_Label
Mcu.Pin120=PH3
Mcu.Pin121=PH5
PE13.GPIO_Label=LCD_DE
Mcu.Pin122=PC4
PD11.Signal=OCTOSPIM_P1_IO0
ProjectManager.CompilerOptimize=6
PA11.Signal=USB_OTG_HS_DM
PH5.Locked=true
LWIP.Version=v2.1.2_Cube
PF8.Locked=true
RCC.LPTIM345Freq_Value=130000000
ProjectManager.ComputerToolchain=false
PF9.Signal=SAI1_FS_B
RCC.LTDCFreq_Value=50390625
Mcu.Pin109=PB2
PE2.Locked=true
PC3.GPIO_Label=USER_LED1
PF3.Locked=true
Mcu.Pin105=PA1_C
Mcu.Pin106=PH4
Mcu.Pin107=PA4
Mcu.Pin108=PA5
PE12.GPIOParameters=GPIO_Speed,GPIO_Label
PG3.GPIO_Label=ARD_D2
RCC.HCLK3ClockFreq_Value=260000000
PD1.Locked=true
PB0.Signal=LTDC_G1
PA7.GPIOParameters=GPIO_Speed,GPIO_Label
PC0.Locked=true
PC1.Signal=ETH_MDC
PB12.GPIOParameters=GPIO_Speed,GPIO_Label
PD7.GPIOParameters=GPIO_Label
PD2.GPIO_Label=SDIO1_CMD
PG10.GPIO_Label=OCSPI2_IO6
PG7.GPIOParameters=GPIO_Speed,GPIO_Label
PH2.GPIO_Label=ARD_A1
Mcu.Pin101=PH10
Mcu.Pin102=PH12
Mcu.Pin103=PA0
Mcu.Pin104=PA1
Mcu.Pin100=PH8
RCC.DIVQ2Freq_Value=200000000
SH.S_TIM4_CH2.ConfNb=1
RCC.SAI1Freq_Value=130000000
RCC.CortexFreq_Value=520000000
PG6.Signal=OCTOSPIM_P1_NCS
PH14.Locked=true
Mcu.UserName=STM32H735IGKx
PD9.GPIOParameters=GPIO_PuPd,GPIO_Label
RCC.HPRE=RCC_HCLK_DIV2
PC10.Locked=true
PG6.Locked=true
PC10.Signal=SDMMC1_D2
PA1_C.Signal=ADCx_INP1
ProjectManager.functionlistsort=1-MX_GPIO_Init-GPIO-false-HAL-true,2-SystemClock_Config-RCC-false-HAL-false,3-MX_LWIP_Init-LWIP-false-HAL-false,0-MX_CORTEX_M7_Init-CORTEX_M7-false-HAL-true
PC0.GPIOParameters=GPIO_Label
PA2.GPIO_Speed=GPIO_SPEED_FREQ_VERY_HIGH
PC0.GPIO_Label=ARD_A0
PC9.Locked=true
PB0.GPIO_Label=LCD_G1
PH9.GPIO_Speed=GPIO_SPEED_FREQ_LOW
PH5.GPIO_Label=USB_FS_PWR_EN
PC13.GPIO_Label=Blue button B2 used for wakeup
PB11.Signal=ETH_TX_EN
PE5.GPIOParameters=GPIO_Label
ProjectManager.StackSize=0x400
PB4(NJTRST).GPIOParameters=GPIO_Label
VP_FREERTOS_VS_CMSIS_V2.Mode=CMSIS_V2
RCC.VCOInput3Freq_Value=781250
PH11.GPIO_Speed=GPIO_SPEED_FREQ_LOW
PA12.Locked=true
PA12.Signal=USB_OTG_HS_DP
PH4.GPIOParameters=GPIO_Speed,GPIO_Label
Mcu.UserConstants=
PH7.Locked=true
PC1.GPIOParameters=GPIO_Speed,GPIO_Label
PF5.Locked=true
SH.GPXTI13.ConfNb=1
Mcu.ThirdPartyNb=0
PD11.GPIO_Label=OCSPI1_IO0
RCC.HCLKFreq_Value=260000000
Mcu.IPNb=7
RCC.SPDIFRXFreq_Value=130000000
PF11.GPIO_Label=SPI5_MOSI
PD8.GPIOParameters=GPIO_PuPd,GPIO_Label
PF12.Signal=OCTOSPIM_P2_DQS
Mcu.Pin6=PD1
PH15.GPIOParameters=GPIO_Speed,GPIO_Label
Mcu.Pin7=PA15(JTDI)
Mcu.Pin8=PA14(JTCK/SWCLK)
Mcu.Pin9=PE4
PA13(JTMS/SWDIO).GPIOParameters=GPIO_Label
PC2_C.Signal=ADC3_INP0
PH0-OSC_IN.Mode=HSE-External-Clock-Source
Mcu.Pin0=PB8
Mcu.Pin1=PB6
NVIC.ETH_IRQn=true\:5\:0\:false\:false\:true\:true\:true\:true
GPIO.groupedBy=Group By Peripherals
Mcu.Pin2=PB3(JTDO/TRACESWO)
Mcu.Pin3=PG11
Mcu.Pin4=PG9
PD10.GPIOParameters=GPIO_Speed,GPIO_Label
Mcu.Pin5=PD3
LWIP0.BSP.condition=
PE13.Signal=LTDC_DE
PF7.GPIO_Label=SAI1_MCLK_B
File.Version=6
PA10.GPIO_Label=USB_FS_ID
PH3.GPIOParameters=GPIO_Speed,GPIO_Label
PB8.Locked=true
PE4.Signal=SAI4_D2
PE6.GPIOParameters=GPIO_Label
PC2_C.Locked=true
ProjectManager.ProjectName=STM32H735_Disco_ETH
PD7.GPIO_Label=OCSPI1_IO7
RCC.APB3Freq_Value=130000000
LWIP0.BSP.component=LAN8742
PA7.Locked=true
RCC.D1PPRE=RCC_APB3_DIV2
CORTEX_M7.BaseAddress-Cortex_Memory_Protection_Unit_Region1_Settings=0x30000000
PG15.GPIO_Speed=GPIO_SPEED_FREQ_LOW
PD14.Locked=true
PA2.GPIO_Label=RMII_MDIO
SH.GPXTI5.ConfNb=1
PF5.GPIO_Label=uSD_Detect
PE0.GPIO_Label=LCD_R0
PF5.Signal=GPXTI5
PH3.GPIO_Label=LCD_R1
PH7.Signal=SPI5_MISO
PB9.GPIO_Speed=GPIO_SPEED_FREQ_LOW
ETH.RxBuffAddress=0x30000200
PC4.Locked=true
PF0.Signal=OCTOSPIM_P2_IO0
PC2.GPIO_Label=USER_LED2
RCC.Tim2OutputFreq_Value=260000000
VP_LWIP_VS_Enabled.Signal=LWIP_VS_Enabled
RCC.DFSDMACLkFreq_Value=130000000
PH14.GPIOParameters=GPIO_Label
PA2.Locked=true
RCC.PLLSourceVirtual=RCC_PLLSOURCE_HSE
SH.GPXTI5.0=GPIO_EXTI5
PE8.GPIOParameters=GPIO_Label
CORTEX_M7.CPU_ICache=Enabled
PA7.Mode=RMII
PB9.GPIO_Label=LCD_B7
PC10.GPIO_Label=SDIO1_D2
PH11.Signal=LTDC_R5
ProjectManager.NoMain=false
PG3.Signal=GPIO_Output
SH.S_TIM4_CH4.0=TIM4_CH4
PG1.Signal=OCTOSPIM_P2_IO5
PG1.Locked=true
RCC.SAI4BFreq_Value=130000000
PC4.Signal=ETH_RXD0
RCC.D2PPRE2=RCC_APB2_DIV2
RCC.D2PPRE1=RCC_APB1_DIV2
PD5.Signal=OCTOSPIM_P1_IO5
VP_LWIP_VS_Enabled.Mode=Enabled
LWIP.GATEWAY_ADDRESS=192.168.001.001
PE9.GPIOParameters=GPIO_Label
PD12.Locked=true
RCC.SPI6Freq_Value=130000000
PH13.GPIO_Label=FDCAN1_TX
PC8.GPIO_Label=SDIO1_D0
PC12.GPIOParameters=GPIO_Label
PH8.GPIO_Label=LCD_R2
RCC.SPI45Freq_Value=130000000
PE15.GPIO_Label=LCD_R7
PH4.Signal=LTDC_G5
PD12.GPIOParameters=GPIO_Label
ProjectManager.TargetToolchain=STM32CubeIDE
PE7.GPIOParameters=GPIO_Label
PF15.Locked=true
PB2.GPIOParameters=GPIO_Label
PE4.Locked=true
PF2.Signal=OCTOSPIM_P2_IO2
PC2.Locked=true
ProjectManager.RegisterCallBack=
PF5.GPIOParameters=GPIO_Label
PH11.Locked=true
PH2.GPIOParameters=GPIO_Label
PE11.Signal=LTDC_G3
LWIP0.BSP.api=BSP_COMPONENT_DRIVER
PD3.Locked=true
PB12.GPIO_Speed=GPIO_SPEED_FREQ_VERY_HIGH
PB1.Locked=true
PG9.GPIO_Label=OCSPI1_IO6
PG14.Signal=LTDC_B0
SH.ADCx_INP0.0=ADC1_INP0
SH.ADCx_INP0.1=ADC2_INP0
PG1.GPIO_Label=OCSPI2_IO5
PD11.GPIOParameters=GPIO_Label
RCC.VCOInput1Freq_Value=5000000
PG7.GPIO_Speed=GPIO_SPEED_FREQ_LOW
NVIC.SavedSystickIrqHandlerGenerated=true
RCC.APB2Freq_Value=130000000
PG4.GPIOParameters=GPIO_Label
PC13.GPIOParameters=GPIO_Label
PD4.GPIO_Label=OCSPI1_IO4
PF10.Signal=OCTOSPIM_P1_CLK
PE1.GPIO_Speed=GPIO_SPEED_FREQ_LOW
PB3(JTDO/TRACESWO).Locked=true
PF15.Signal=I2C4_SDA
PD14.GPIO_Label=STMOD\#14-PWM
PA4.GPIOParameters=GPIO_Speed,GPIO_Label
PF0.Locked=true
PE6.Signal=SAI1_SD_A
PB15.GPIOParameters=GPIO_PuPd,GPIO_Label
PE11.Locked=true
Mcu.Name=STM32H735IGKx
CORTEX_M7.Size-Cortex_Memory_Protection_Unit_Region0_Settings=MPU_REGION_SIZE_32KB
PA2.Signal=ETH_MDIO
CORTEX_M7.AccessPermission-Cortex_Memory_Protection_Unit_Region1_Settings=MPU_REGION_FULL_ACCESS
VP_FREERTOS_VS_CMSIS_V2.Signal=FREERTOS_VS_CMSIS_V2
PD14.Signal=S_TIM4_CH3
PA7.GPIO_Label=RMII_CRS_DV
PG12.Locked=true
LWIP.BSP.number=1
PC5.GPIO_Label=RMII_RXD1
PF6.GPIOParameters=GPIO_Label
PG12.GPIO_Label=OCSPI2_NCS
PH2.Locked=true
RCC.SAI4AFreq_Value=130000000
PE13.GPIO_Speed=GPIO_SPEED_FREQ_LOW
RCC.DIVQ1Freq_Value=130000000
PC2_C.GPIOParameters=GPIO_Label
PB8.Signal=LTDC_B6
PE3.GPIO_Label=ARD_D8
RCC.D3PPRE=RCC_APB4_DIV2
PC9.Signal=SDMMC1_D1
RCC.VCOInput2Freq_Value=5000000
RCC.APB1Freq_Value=130000000
PB11.Locked=true
ProjectManager.DeviceId=STM32H735IGKx
ProjectManager.LibraryCopy=1
SH.S_TIM5_CH1.ConfNb=1
PH6.GPIO_Speed=GPIO_SPEED_FREQ_LOW
PB1.GPIOParameters=GPIO_Speed,GPIO_Label
PA7.Signal=ETH_CRS_DV
PF2.GPIO_Label=OCSPI2_IO2
isbadioc=false
